
Microsoft Visual Studio Solution File, Format Version 12.00
# Visual Studio 2012
Project("{FAE04EC0-301F-11D3-BF4B-00C04F79EFBC}") = "demirbas", "demirbas\demirbas.csproj", "{A74B93BB-7887-4FF8-85AD-BD196D702594}"
EndProject
Global
	GlobalSection(SolutionConfigurationPlatforms) = preSolution
		Debug|Any CPU = Debug|Any CPU
		Release|Any CPU = Release|Any CPU
	EndGlobalSection
	GlobalSection(ProjectConfigurationPlatforms) = postSolution
		{A74B93BB-7887-4FF8-85AD-BD196D702594}.Debug|Any CPU.ActiveCfg = Debug|Any CPU
		{A74B93BB-7887-4FF8-85AD-BD196D702594}.Debug|Any CPU.Build.0 = Debug|Any CPU
		{A74B93BB-7887-4FF8-85AD-BD196D702594}.Release|Any CPU.ActiveCfg = Release|Any CPU
		{A74B93BB-7887-4FF8-85AD-BD196D702594}.Release|Any CPU.Build.0 = Release|Any CPU
	EndGlobalSection
	GlobalSection(SolutionProperties) = preSolution
		HideSolutionNode = FALSE
	EndGlobalSection
EndGlobal
